// !$*UTF8*$!
{
	archiveVersion = 1;
	classes = {
	};
	objectVersion = 55;
	objects = {

/* Begin PBXBuildFile section */
		67E830C0275A4A2B0066E6DB /* CreationAnnonceUtilisateur.swift in Sources */ = {isa = PBXBuildFile; fileRef = 67E830BF275A4A2B0066E6DB /* CreationAnnonceUtilisateur.swift */; };
		67E830C2275A4CA90066E6DB /* CreationProfil.swift in Sources */ = {isa = PBXBuildFile; fileRef = 67E830C1275A4CA90066E6DB /* CreationProfil.swift */; };
		834DA71F275A4FEA00DBEA8B /* ProfilView.swift in Sources */ = {isa = PBXBuildFile; fileRef = 834DA71E275A4FEA00DBEA8B /* ProfilView.swift */; };
		AF0F24AA275A22CD00BDCDB2 /* MapUser.swift in Sources */ = {isa = PBXBuildFile; fileRef = AF0F24A9275A22CD00BDCDB2 /* MapUser.swift */; };
		AF0F24AD275A2C1700BDCDB2 /* MapButton.swift in Sources */ = {isa = PBXBuildFile; fileRef = AF0F24AC275A2C1700BDCDB2 /* MapButton.swift */; };
		AF344903275A55EC0099A7BA /* AnnonceUser.swift in Sources */ = {isa = PBXBuildFile; fileRef = AF344902275A55EC0099A7BA /* AnnonceUser.swift */; };
		AF344905275A66AB0099A7BA /* CustomAnnotation.swift in Sources */ = {isa = PBXBuildFile; fileRef = AF344904275A66AB0099A7BA /* CustomAnnotation.swift */; };
		AF344907275A6AD40099A7BA /* MapUserViewModel.swift in Sources */ = {isa = PBXBuildFile; fileRef = AF344906275A6AD40099A7BA /* MapUserViewModel.swift */; };
		AF496FD72757C39C005A1DAA /* TypeAchat.swift in Sources */ = {isa = PBXBuildFile; fileRef = AF496FD62757C39C005A1DAA /* TypeAchat.swift */; };
		AF60F86F275E078C0058C3B0 /* AnnonceReparateurView.swift in Sources */ = {isa = PBXBuildFile; fileRef = AF60F86E275E078C0058C3B0 /* AnnonceReparateurView.swift */; };
		AF60F871275E369D0058C3B0 /* AppareilListView.swift in Sources */ = {isa = PBXBuildFile; fileRef = AF60F870275E369D0058C3B0 /* AppareilListView.swift */; };
		AF900E832756756000A41353 /* RepareMoiApp.swift in Sources */ = {isa = PBXBuildFile; fileRef = AF900E822756756000A41353 /* RepareMoiApp.swift */; };
		AF900E852756756000A41353 /* ContentView.swift in Sources */ = {isa = PBXBuildFile; fileRef = AF900E842756756000A41353 /* ContentView.swift */; };
		AF900E872756756100A41353 /* Assets.xcassets in Resources */ = {isa = PBXBuildFile; fileRef = AF900E862756756100A41353 /* Assets.xcassets */; };
		AF900E8A2756756100A41353 /* Preview Assets.xcassets in Resources */ = {isa = PBXBuildFile; fileRef = AF900E892756756100A41353 /* Preview Assets.xcassets */; };
		AF900E94275676B200A41353 /* Databases.swift in Sources */ = {isa = PBXBuildFile; fileRef = AF900E93275676B200A41353 /* Databases.swift */; };
		AFB3D45D2759153D001C5FE7 /* AnnonceReparateur.swift in Sources */ = {isa = PBXBuildFile; fileRef = AFB3D45C2759153D001C5FE7 /* AnnonceReparateur.swift */; };
		AFD2DD3F2757AEBE0005EAB1 /* AnnonceUtilisateur.swift in Sources */ = {isa = PBXBuildFile; fileRef = AFD2DD3E2757AEBE0005EAB1 /* AnnonceUtilisateur.swift */; };
		AFD2DD412757AEF20005EAB1 /* Disponibilite.swift in Sources */ = {isa = PBXBuildFile; fileRef = AFD2DD402757AEF20005EAB1 /* Disponibilite.swift */; };
		AFD2DD432757AF140005EAB1 /* Profil.swift in Sources */ = {isa = PBXBuildFile; fileRef = AFD2DD422757AF140005EAB1 /* Profil.swift */; };
		AFD2DD452757AF600005EAB1 /* CompetenceAppareil.swift in Sources */ = {isa = PBXBuildFile; fileRef = AFD2DD442757AF600005EAB1 /* CompetenceAppareil.swift */; };
		AFD2DD472757AFB30005EAB1 /* AppareilCategorie.swift in Sources */ = {isa = PBXBuildFile; fileRef = AFD2DD462757AFB30005EAB1 /* AppareilCategorie.swift */; };
		AFD2DD492757AFC70005EAB1 /* Appareil.swift in Sources */ = {isa = PBXBuildFile; fileRef = AFD2DD482757AFC70005EAB1 /* Appareil.swift */; };
		AFD9420E2758D3870071B1EA /* Empreinte.swift in Sources */ = {isa = PBXBuildFile; fileRef = AFD9420D2758D3870071B1EA /* Empreinte.swift */; };
		AFD942102758EFA00071B1EA /* AppareilMarque.swift in Sources */ = {isa = PBXBuildFile; fileRef = AFD9420F2758EFA00071B1EA /* AppareilMarque.swift */; };
		C5A43838275E08DF00AE98D8 /* PhotoPicker.swift in Sources */ = {isa = PBXBuildFile; fileRef = C5A43837275E08DF00AE98D8 /* PhotoPicker.swift */; };
		C5A4383A275E19B400AE98D8 /* PhotoPickerAnnonce.swift in Sources */ = {isa = PBXBuildFile; fileRef = C5A43839275E19B400AE98D8 /* PhotoPickerAnnonce.swift */; };
/* End PBXBuildFile section */

/* Begin PBXFileReference section */
		67E830BF275A4A2B0066E6DB /* CreationAnnonceUtilisateur.swift */ = {isa = PBXFileReference; lastKnownFileType = sourcecode.swift; path = CreationAnnonceUtilisateur.swift; sourceTree = "<group>"; };
		67E830C1275A4CA90066E6DB /* CreationProfil.swift */ = {isa = PBXFileReference; lastKnownFileType = sourcecode.swift; path = CreationProfil.swift; sourceTree = "<group>"; };
		834DA71E275A4FEA00DBEA8B /* ProfilView.swift */ = {isa = PBXFileReference; lastKnownFileType = sourcecode.swift; path = ProfilView.swift; sourceTree = "<group>"; };
		AF0F24A9275A22CD00BDCDB2 /* MapUser.swift */ = {isa = PBXFileReference; lastKnownFileType = sourcecode.swift; path = MapUser.swift; sourceTree = "<group>"; };
		AF0F24AC275A2C1700BDCDB2 /* MapButton.swift */ = {isa = PBXFileReference; lastKnownFileType = sourcecode.swift; path = MapButton.swift; sourceTree = "<group>"; };
		AF344902275A55EC0099A7BA /* AnnonceUser.swift */ = {isa = PBXFileReference; lastKnownFileType = sourcecode.swift; path = AnnonceUser.swift; sourceTree = "<group>"; };
		AF344904275A66AB0099A7BA /* CustomAnnotation.swift */ = {isa = PBXFileReference; lastKnownFileType = sourcecode.swift; path = CustomAnnotation.swift; sourceTree = "<group>"; };
		AF344906275A6AD40099A7BA /* MapUserViewModel.swift */ = {isa = PBXFileReference; lastKnownFileType = sourcecode.swift; path = MapUserViewModel.swift; sourceTree = "<group>"; };
		AF496FD62757C39C005A1DAA /* TypeAchat.swift */ = {isa = PBXFileReference; lastKnownFileType = sourcecode.swift; path = TypeAchat.swift; sourceTree = "<group>"; };
		AF60F86E275E078C0058C3B0 /* AnnonceReparateurView.swift */ = {isa = PBXFileReference; lastKnownFileType = sourcecode.swift; path = AnnonceReparateurView.swift; sourceTree = "<group>"; };
		AF60F870275E369D0058C3B0 /* AppareilListView.swift */ = {isa = PBXFileReference; lastKnownFileType = sourcecode.swift; path = AppareilListView.swift; sourceTree = "<group>"; };
		AF900E7F2756756000A41353 /* RepareMoi.app */ = {isa = PBXFileReference; explicitFileType = wrapper.application; includeInIndex = 0; path = RepareMoi.app; sourceTree = BUILT_PRODUCTS_DIR; };
		AF900E822756756000A41353 /* RepareMoiApp.swift */ = {isa = PBXFileReference; lastKnownFileType = sourcecode.swift; path = RepareMoiApp.swift; sourceTree = "<group>"; };
		AF900E842756756000A41353 /* ContentView.swift */ = {isa = PBXFileReference; lastKnownFileType = sourcecode.swift; path = ContentView.swift; sourceTree = "<group>"; };
		AF900E862756756100A41353 /* Assets.xcassets */ = {isa = PBXFileReference; lastKnownFileType = folder.assetcatalog; path = Assets.xcassets; sourceTree = "<group>"; };
		AF900E892756756100A41353 /* Preview Assets.xcassets */ = {isa = PBXFileReference; lastKnownFileType = folder.assetcatalog; path = "Preview Assets.xcassets"; sourceTree = "<group>"; };
		AF900E93275676B200A41353 /* Databases.swift */ = {isa = PBXFileReference; lastKnownFileType = sourcecode.swift; path = Databases.swift; sourceTree = "<group>"; };
		AFB3D45C2759153D001C5FE7 /* AnnonceReparateur.swift */ = {isa = PBXFileReference; lastKnownFileType = sourcecode.swift; path = AnnonceReparateur.swift; sourceTree = "<group>"; };
		AFD2DD3E2757AEBE0005EAB1 /* AnnonceUtilisateur.swift */ = {isa = PBXFileReference; lastKnownFileType = sourcecode.swift; path = AnnonceUtilisateur.swift; sourceTree = "<group>"; };
		AFD2DD402757AEF20005EAB1 /* Disponibilite.swift */ = {isa = PBXFileReference; lastKnownFileType = sourcecode.swift; path = Disponibilite.swift; sourceTree = "<group>"; };
		AFD2DD422757AF140005EAB1 /* Profil.swift */ = {isa = PBXFileReference; lastKnownFileType = sourcecode.swift; path = Profil.swift; sourceTree = "<group>"; };
		AFD2DD442757AF600005EAB1 /* CompetenceAppareil.swift */ = {isa = PBXFileReference; lastKnownFileType = sourcecode.swift; path = CompetenceAppareil.swift; sourceTree = "<group>"; };
		AFD2DD462757AFB30005EAB1 /* AppareilCategorie.swift */ = {isa = PBXFileReference; lastKnownFileType = sourcecode.swift; path = AppareilCategorie.swift; sourceTree = "<group>"; };
		AFD2DD482757AFC70005EAB1 /* Appareil.swift */ = {isa = PBXFileReference; lastKnownFileType = sourcecode.swift; path = Appareil.swift; sourceTree = "<group>"; };
		AFD9420D2758D3870071B1EA /* Empreinte.swift */ = {isa = PBXFileReference; lastKnownFileType = sourcecode.swift; path = Empreinte.swift; sourceTree = "<group>"; };
		AFD9420F2758EFA00071B1EA /* AppareilMarque.swift */ = {isa = PBXFileReference; lastKnownFileType = sourcecode.swift; path = AppareilMarque.swift; sourceTree = "<group>"; };
		C5A43837275E08DF00AE98D8 /* PhotoPicker.swift */ = {isa = PBXFileReference; lastKnownFileType = sourcecode.swift; path = PhotoPicker.swift; sourceTree = "<group>"; };
		C5A43839275E19B400AE98D8 /* PhotoPickerAnnonce.swift */ = {isa = PBXFileReference; lastKnownFileType = sourcecode.swift; path = PhotoPickerAnnonce.swift; sourceTree = "<group>"; };
/* End PBXFileReference section */

/* Begin PBXFrameworksBuildPhase section */
		AF900E7C2756756000A41353 /* Frameworks */ = {
			isa = PBXFrameworksBuildPhase;
			buildActionMask = 2147483647;
			files = (
			);
			runOnlyForDeploymentPostprocessing = 0;
		};
/* End PBXFrameworksBuildPhase section */

/* Begin PBXGroup section */
		AF0F24AB275A2C0600BDCDB2 /* ExtractedViews */ = {
			isa = PBXGroup;
			children = (
				AF0F24AC275A2C1700BDCDB2 /* MapButton.swift */,
				AF344904275A66AB0099A7BA /* CustomAnnotation.swift */,
				AF60F86E275E078C0058C3B0 /* AnnonceReparateurView.swift */,
				AF60F870275E369D0058C3B0 /* AppareilListView.swift */,
			);
			path = ExtractedViews;
			sourceTree = "<group>";
		};
		AF900E762756756000A41353 = {
			isa = PBXGroup;
			children = (
				AF900E812756756000A41353 /* RepareMoi */,
				AF900E802756756000A41353 /* Products */,
			);
			sourceTree = "<group>";
		};
		AF900E802756756000A41353 /* Products */ = {
			isa = PBXGroup;
			children = (
				AF900E7F2756756000A41353 /* RepareMoi.app */,
			);
			name = Products;
			sourceTree = "<group>";
		};
		AF900E812756756000A41353 /* RepareMoi */ = {
			isa = PBXGroup;
			children = (
				AF900E822756756000A41353 /* RepareMoiApp.swift */,
				AF900E93275676B200A41353 /* Databases.swift */,
				AFD2DD4A2757B04A0005EAB1 /* ViewModels */,
				AF900E9627567EA500A41353 /* Views */,
				AF900E902756757900A41353 /* Models */,
				AF900E862756756100A41353 /* Assets.xcassets */,
				AF900E882756756100A41353 /* Preview Content */,
			);
			path = RepareMoi;
			sourceTree = "<group>";
		};
		AF900E882756756100A41353 /* Preview Content */ = {
			isa = PBXGroup;
			children = (
				AF900E892756756100A41353 /* Preview Assets.xcassets */,
			);
			path = "Preview Content";
			sourceTree = "<group>";
		};
		AF900E902756757900A41353 /* Models */ = {
			isa = PBXGroup;
			children = (
				AFD2DD3E2757AEBE0005EAB1 /* AnnonceUtilisateur.swift */,
				AFD2DD402757AEF20005EAB1 /* Disponibilite.swift */,
				AFD2DD422757AF140005EAB1 /* Profil.swift */,
				AFD2DD442757AF600005EAB1 /* CompetenceAppareil.swift */,
				AFD2DD462757AFB30005EAB1 /* AppareilCategorie.swift */,
				AFD2DD482757AFC70005EAB1 /* Appareil.swift */,
				AF496FD62757C39C005A1DAA /* TypeAchat.swift */,
				AFD9420D2758D3870071B1EA /* Empreinte.swift */,
				AFD9420F2758EFA00071B1EA /* AppareilMarque.swift */,
				AFB3D45C2759153D001C5FE7 /* AnnonceReparateur.swift */,
				C5A43837275E08DF00AE98D8 /* PhotoPicker.swift */,
				C5A43839275E19B400AE98D8 /* PhotoPickerAnnonce.swift */,
			);
			path = Models;
			sourceTree = "<group>";
		};
		AF900E9627567EA500A41353 /* Views */ = {
			isa = PBXGroup;
			children = (
				AF0F24AB275A2C0600BDCDB2 /* ExtractedViews */,
				AF900E842756756000A41353 /* ContentView.swift */,
				67E830BF275A4A2B0066E6DB /* CreationAnnonceUtilisateur.swift */,
				67E830C1275A4CA90066E6DB /* CreationProfil.swift */,
				834DA71E275A4FEA00DBEA8B /* ProfilView.swift */,
				AF0F24A9275A22CD00BDCDB2 /* MapUser.swift */,
				AF344902275A55EC0099A7BA /* AnnonceUser.swift */,
			);
			path = Views;
			sourceTree = "<group>";
		};
		AFD2DD4A2757B04A0005EAB1 /* ViewModels */ = {
			isa = PBXGroup;
			children = (
				AF344906275A6AD40099A7BA /* MapUserViewModel.swift */,
			);
			path = ViewModels;
			sourceTree = "<group>";
		};
/* End PBXGroup section */

/* Begin PBXNativeTarget section */
		AF900E7E2756756000A41353 /* RepareMoi */ = {
			isa = PBXNativeTarget;
			buildConfigurationList = AF900E8D2756756100A41353 /* Build configuration list for PBXNativeTarget "RepareMoi" */;
			buildPhases = (
				AF900E7B2756756000A41353 /* Sources */,
				AF900E7C2756756000A41353 /* Frameworks */,
				AF900E7D2756756000A41353 /* Resources */,
			);
			buildRules = (
			);
			dependencies = (
			);
			name = RepareMoi;
			productName = RepareMoi;
			productReference = AF900E7F2756756000A41353 /* RepareMoi.app */;
			productType = "com.apple.product-type.application";
		};
/* End PBXNativeTarget section */

/* Begin PBXProject section */
		AF900E772756756000A41353 /* Project object */ = {
			isa = PBXProject;
			attributes = {
				BuildIndependentTargetsInParallel = 1;
				LastSwiftUpdateCheck = 1310;
				LastUpgradeCheck = 1310;
				TargetAttributes = {
					AF900E7E2756756000A41353 = {
						CreatedOnToolsVersion = 13.1;
					};
				};
			};
			buildConfigurationList = AF900E7A2756756000A41353 /* Build configuration list for PBXProject "RepareMoi" */;
			compatibilityVersion = "Xcode 13.0";
			developmentRegion = en;
			hasScannedForEncodings = 0;
			knownRegions = (
				en,
				Base,
			);
			mainGroup = AF900E762756756000A41353;
			productRefGroup = AF900E802756756000A41353 /* Products */;
			projectDirPath = "";
			projectRoot = "";
			targets = (
				AF900E7E2756756000A41353 /* RepareMoi */,
			);
		};
/* End PBXProject section */

/* Begin PBXResourcesBuildPhase section */
		AF900E7D2756756000A41353 /* Resources */ = {
			isa = PBXResourcesBuildPhase;
			buildActionMask = 2147483647;
			files = (
				AF900E8A2756756100A41353 /* Preview Assets.xcassets in Resources */,
				AF900E872756756100A41353 /* Assets.xcassets in Resources */,
			);
			runOnlyForDeploymentPostprocessing = 0;
		};
/* End PBXResourcesBuildPhase section */

/* Begin PBXSourcesBuildPhase section */
		AF900E7B2756756000A41353 /* Sources */ = {
			isa = PBXSourcesBuildPhase;
			buildActionMask = 2147483647;
			files = (
				67E830C0275A4A2B0066E6DB /* CreationAnnonceUtilisateur.swift in Sources */,
				AFD2DD432757AF140005EAB1 /* Profil.swift in Sources */,
				834DA71F275A4FEA00DBEA8B /* ProfilView.swift in Sources */,
				AFD2DD472757AFB30005EAB1 /* AppareilCategorie.swift in Sources */,
				AF344905275A66AB0099A7BA /* CustomAnnotation.swift in Sources */,
				67E830C2275A4CA90066E6DB /* CreationProfil.swift in Sources */,
				AFD2DD492757AFC70005EAB1 /* Appareil.swift in Sources */,
				AF900E852756756000A41353 /* ContentView.swift in Sources */,
				AF60F86F275E078C0058C3B0 /* AnnonceReparateurView.swift in Sources */,
				AF60F871275E369D0058C3B0 /* AppareilListView.swift in Sources */,
				AF0F24AD275A2C1700BDCDB2 /* MapButton.swift in Sources */,
				AF900E94275676B200A41353 /* Databases.swift in Sources */,
				AFD942102758EFA00071B1EA /* AppareilMarque.swift in Sources */,
				AFB3D45D2759153D001C5FE7 /* AnnonceReparateur.swift in Sources */,
				AF496FD72757C39C005A1DAA /* TypeAchat.swift in Sources */,
				AFD2DD452757AF600005EAB1 /* CompetenceAppareil.swift in Sources */,
				C5A43838275E08DF00AE98D8 /* PhotoPicker.swift in Sources */,
				AF0F24AA275A22CD00BDCDB2 /* MapUser.swift in Sources */,
				AF344907275A6AD40099A7BA /* MapUserViewModel.swift in Sources */,
				AF900E832756756000A41353 /* RepareMoiApp.swift in Sources */,
				AFD2DD3F2757AEBE0005EAB1 /* AnnonceUtilisateur.swift in Sources */,
				C5A4383A275E19B400AE98D8 /* PhotoPickerAnnonce.swift in Sources */,
				AF344903275A55EC0099A7BA /* AnnonceUser.swift in Sources */,
				AFD2DD412757AEF20005EAB1 /* Disponibilite.swift in Sources */,
				AFD9420E2758D3870071B1EA /* Empreinte.swift in Sources */,
			);
			runOnlyForDeploymentPostprocessing = 0;
		};
/* End PBXSourcesBuildPhase section */

/* Begin XCBuildConfiguration section */
		AF900E8B2756756100A41353 /* Debug */ = {
			isa = XCBuildConfiguration;
			buildSettings = {
				ALWAYS_SEARCH_USER_PATHS = NO;
				CLANG_ANALYZER_NONNULL = YES;
				CLANG_ANALYZER_NUMBER_OBJECT_CONVERSION = YES_AGGRESSIVE;
				CLANG_CXX_LANGUAGE_STANDARD = "gnu++17";
				CLANG_CXX_LIBRARY = "libc++";
				CLANG_ENABLE_MODULES = YES;
				CLANG_ENABLE_OBJC_ARC = YES;
				CLANG_ENABLE_OBJC_WEAK = YES;
				CLANG_WARN_BLOCK_CAPTURE_AUTORELEASING = YES;
				CLANG_WARN_BOOL_CONVERSION = YES;
				CLANG_WARN_COMMA = YES;
				CLANG_WARN_CONSTANT_CONVERSION = YES;
				CLANG_WARN_DEPRECATED_OBJC_IMPLEMENTATIONS = YES;
				CLANG_WARN_DIRECT_OBJC_ISA_USAGE = YES_ERROR;
				CLANG_WARN_DOCUMENTATION_COMMENTS = YES;
				CLANG_WARN_EMPTY_BODY = YES;
				CLANG_WARN_ENUM_CONVERSION = YES;
				CLANG_WARN_INFINITE_RECURSION = YES;
				CLANG_WARN_INT_CONVERSION = YES;
				CLANG_WARN_NON_LITERAL_NULL_CONVERSION = YES;
				CLANG_WARN_OBJC_IMPLICIT_RETAIN_SELF = YES;
				CLANG_WARN_OBJC_LITERAL_CONVERSION = YES;
				CLANG_WARN_OBJC_ROOT_CLASS = YES_ERROR;
				CLANG_WARN_QUOTED_INCLUDE_IN_FRAMEWORK_HEADER = YES;
				CLANG_WARN_RANGE_LOOP_ANALYSIS = YES;
				CLANG_WARN_STRICT_PROTOTYPES = YES;
				CLANG_WARN_SUSPICIOUS_MOVE = YES;
				CLANG_WARN_UNGUARDED_AVAILABILITY = YES_AGGRESSIVE;
				CLANG_WARN_UNREACHABLE_CODE = YES;
				CLANG_WARN__DUPLICATE_METHOD_MATCH = YES;
				COPY_PHASE_STRIP = NO;
				DEBUG_INFORMATION_FORMAT = dwarf;
				ENABLE_STRICT_OBJC_MSGSEND = YES;
				ENABLE_TESTABILITY = YES;
				GCC_C_LANGUAGE_STANDARD = gnu11;
				GCC_DYNAMIC_NO_PIC = NO;
				GCC_NO_COMMON_BLOCKS = YES;
				GCC_OPTIMIZATION_LEVEL = 0;
				GCC_PREPROCESSOR_DEFINITIONS = (
					"DEBUG=1",
					"$(inherited)",
				);
				GCC_WARN_64_TO_32_BIT_CONVERSION = YES;
				GCC_WARN_ABOUT_RETURN_TYPE = YES_ERROR;
				GCC_WARN_UNDECLARED_SELECTOR = YES;
				GCC_WARN_UNINITIALIZED_AUTOS = YES_AGGRESSIVE;
				GCC_WARN_UNUSED_FUNCTION = YES;
				GCC_WARN_UNUSED_VARIABLE = YES;
				IPHONEOS_DEPLOYMENT_TARGET = 15.0;
				MTL_ENABLE_DEBUG_INFO = INCLUDE_SOURCE;
				MTL_FAST_MATH = YES;
				ONLY_ACTIVE_ARCH = YES;
				SDKROOT = iphoneos;
				SWIFT_ACTIVE_COMPILATION_CONDITIONS = DEBUG;
				SWIFT_OPTIMIZATION_LEVEL = "-Onone";
			};
			name = Debug;
		};
		AF900E8C2756756100A41353 /* Release */ = {
			isa = XCBuildConfiguration;
			buildSettings = {
				ALWAYS_SEARCH_USER_PATHS = NO;
				CLANG_ANALYZER_NONNULL = YES;
				CLANG_ANALYZER_NUMBER_OBJECT_CONVERSION = YES_AGGRESSIVE;
				CLANG_CXX_LANGUAGE_STANDARD = "gnu++17";
				CLANG_CXX_LIBRARY = "libc++";
				CLANG_ENABLE_MODULES = YES;
				CLANG_ENABLE_OBJC_ARC = YES;
				CLANG_ENABLE_OBJC_WEAK = YES;
				CLANG_WARN_BLOCK_CAPTURE_AUTORELEASING = YES;
				CLANG_WARN_BOOL_CONVERSION = YES;
				CLANG_WARN_COMMA = YES;
				CLANG_WARN_CONSTANT_CONVERSION = YES;
				CLANG_WARN_DEPRECATED_OBJC_IMPLEMENTATIONS = YES;
				CLANG_WARN_DIRECT_OBJC_ISA_USAGE = YES_ERROR;
				CLANG_WARN_DOCUMENTATION_COMMENTS = YES;
				CLANG_WARN_EMPTY_BODY = YES;
				CLANG_WARN_ENUM_CONVERSION = YES;
				CLANG_WARN_INFINITE_RECURSION = YES;
				CLANG_WARN_INT_CONVERSION = YES;
				CLANG_WARN_NON_LITERAL_NULL_CONVERSION = YES;
				CLANG_WARN_OBJC_IMPLICIT_RETAIN_SELF = YES;
				CLANG_WARN_OBJC_LITERAL_CONVERSION = YES;
				CLANG_WARN_OBJC_ROOT_CLASS = YES_ERROR;
				CLANG_WARN_QUOTED_INCLUDE_IN_FRAMEWORK_HEADER = YES;
				CLANG_WARN_RANGE_LOOP_ANALYSIS = YES;
				CLANG_WARN_STRICT_PROTOTYPES = YES;
				CLANG_WARN_SUSPICIOUS_MOVE = YES;
				CLANG_WARN_UNGUARDED_AVAILABILITY = YES_AGGRESSIVE;
				CLANG_WARN_UNREACHABLE_CODE = YES;
				CLANG_WARN__DUPLICATE_METHOD_MATCH = YES;
				COPY_PHASE_STRIP = NO;
				DEBUG_INFORMATION_FORMAT = "dwarf-with-dsym";
				ENABLE_NS_ASSERTIONS = NO;
				ENABLE_STRICT_OBJC_MSGSEND = YES;
				GCC_C_LANGUAGE_STANDARD = gnu11;
				GCC_NO_COMMON_BLOCKS = YES;
				GCC_WARN_64_TO_32_BIT_CONVERSION = YES;
				GCC_WARN_ABOUT_RETURN_TYPE = YES_ERROR;
				GCC_WARN_UNDECLARED_SELECTOR = YES;
				GCC_WARN_UNINITIALIZED_AUTOS = YES_AGGRESSIVE;
				GCC_WARN_UNUSED_FUNCTION = YES;
				GCC_WARN_UNUSED_VARIABLE = YES;
				IPHONEOS_DEPLOYMENT_TARGET = 15.0;
				MTL_ENABLE_DEBUG_INFO = NO;
				MTL_FAST_MATH = YES;
				SDKROOT = iphoneos;
				SWIFT_COMPILATION_MODE = wholemodule;
				SWIFT_OPTIMIZATION_LEVEL = "-O";
				VALIDATE_PRODUCT = YES;
			};
			name = Release;
		};
		AF900E8E2756756100A41353 /* Debug */ = {
			isa = XCBuildConfiguration;
			buildSettings = {
				ASSETCATALOG_COMPILER_APPICON_NAME = AppIcon;
				ASSETCATALOG_COMPILER_GLOBAL_ACCENT_COLOR_NAME = AccentColor;
				CODE_SIGN_IDENTITY = "Apple Development";
				CODE_SIGN_STYLE = Automatic;
				CURRENT_PROJECT_VERSION = 1;
				DEVELOPMENT_ASSET_PATHS = "\"RepareMoi/Preview Content\"";
				DEVELOPMENT_TEAM = 54V4LMK5VT;
				ENABLE_PREVIEWS = YES;
				GENERATE_INFOPLIST_FILE = YES;
				INFOPLIST_KEY_UIApplicationSceneManifest_Generation = YES;
				INFOPLIST_KEY_UIApplicationSupportsIndirectInputEvents = YES;
				INFOPLIST_KEY_UILaunchScreen_Generation = YES;
				INFOPLIST_KEY_UISupportedInterfaceOrientations_iPad = "UIInterfaceOrientationPortrait UIInterfaceOrientationPortraitUpsideDown UIInterfaceOrientationLandscapeLeft UIInterfaceOrientationLandscapeRight";
				INFOPLIST_KEY_UISupportedInterfaceOrientations_iPhone = "UIInterfaceOrientationPortrait UIInterfaceOrientationLandscapeLeft UIInterfaceOrientationLandscapeRight";
				LD_RUNPATH_SEARCH_PATHS = (
					"$(inherited)",
					"@executable_path/Frameworks",
				);
				MARKETING_VERSION = 1.0;
				PRODUCT_BUNDLE_IDENTIFIER = AppleDev.RepareMoi.lucas;
				PRODUCT_NAME = "$(TARGET_NAME)";
				PROVISIONING_PROFILE_SPECIFIER = "";
				SWIFT_EMIT_LOC_STRINGS = YES;
				SWIFT_VERSION = 5.0;
				TARGETED_DEVICE_FAMILY = "1,2";
			};
			name = Debug;
		};
		AF900E8F2756756100A41353 /* Release */ = {
			isa = XCBuildConfiguration;
			buildSettings = {
				ASSETCATALOG_COMPILER_APPICON_NAME = AppIcon;
				ASSETCATALOG_COMPILER_GLOBAL_ACCENT_COLOR_NAME = AccentColor;
				CODE_SIGN_IDENTITY = "Apple Development";
				CODE_SIGN_STYLE = Automatic;
				CURRENT_PROJECT_VERSION = 1;
				DEVELOPMENT_ASSET_PATHS = "\"RepareMoi/Preview Content\"";
				DEVELOPMENT_TEAM = 54V4LMK5VT;
				ENABLE_PREVIEWS = YES;
				GENERATE_INFOPLIST_FILE = YES;
				INFOPLIST_KEY_UIApplicationSceneManifest_Generation = YES;
				INFOPLIST_KEY_UIApplicationSupportsIndirectInputEvents = YES;
				INFOPLIST_KEY_UILaunchScreen_Generation = YES;
				INFOPLIST_KEY_UISupportedInterfaceOrientations_iPad = "UIInterfaceOrientationPortrait UIInterfaceOrientationPortraitUpsideDown UIInterfaceOrientationLandscapeLeft UIInterfaceOrientationLandscapeRight";
				INFOPLIST_KEY_UISupportedInterfaceOrientations_iPhone = "UIInterfaceOrientationPortrait UIInterfaceOrientationLandscapeLeft UIInterfaceOrientationLandscapeRight";
				LD_RUNPATH_SEARCH_PATHS = (
					"$(inherited)",
					"@executable_path/Frameworks",
				);
				MARKETING_VERSION = 1.0;
				PRODUCT_BUNDLE_IDENTIFIER = AppleDev.RepareMoi.lucas;
				PRODUCT_NAME = "$(TARGET_NAME)";
				PROVISIONING_PROFILE_SPECIFIER = "";
				SWIFT_EMIT_LOC_STRINGS = YES;
				SWIFT_VERSION = 5.0;
				TARGETED_DEVICE_FAMILY = "1,2";
			};
			name = Release;
		};
/* End XCBuildConfiguration section */

/* Begin XCConfigurationList section */
		AF900E7A2756756000A41353 /* Build configuration list for PBXProject "RepareMoi" */ = {
			isa = XCConfigurationList;
			buildConfigurations = (
				AF900E8B2756756100A41353 /* Debug */,
				AF900E8C2756756100A41353 /* Release */,
			);
			defaultConfigurationIsVisible = 0;
			defaultConfigurationName = Release;
		};
		AF900E8D2756756100A41353 /* Build configuration list for PBXNativeTarget "RepareMoi" */ = {
			isa = XCConfigurationList;
			buildConfigurations = (
				AF900E8E2756756100A41353 /* Debug */,
				AF900E8F2756756100A41353 /* Release */,
			);
			defaultConfigurationIsVisible = 0;
			defaultConfigurationName = Release;
		};
/* End XCConfigurationList section */
	};
	rootObject = AF900E772756756000A41353 /* Project object */;
}
